{
  "name": "hf-independent-repair-ajr5o5f_",
  "lockfileVersion": 3,
  "requires": true,
  "packages": {
    "": {
      "dependencies": {
        "paid-work-probe": "file:kit-corrected"
      }
    },
    "kit": {
      "name": "paid-work-probe",
      "version": "0.1.0",
      "extraneous": true
    },
    "kit-corrected": {
      "name": "paid-work-probe",
      "version": "0.1.1",
      "engines": {
        "node": ">=22"
      }
    },
    "node_modules/paid-work-probe": {
      "resolved": "kit-corrected",
      "link": true
    }
  }
}
